# -------------------------------------------------------------------------- #
#
# Copyright (C) 2020  Intel Corporation. All rights reserved.
# Your use of Intel Corporation's design tools, logic functions 
# and other software and tools, and any partner logic 
# functions, and any output files from any of the foregoing 
# (including device programming or simulation files), and any 
# associated documentation or information are expressly subject 
# to the terms and conditions of the Intel Program License 
# Subscription Agreement, the Intel Quartus Prime License Agreement,
# the Intel FPGA IP License Agreement, or other applicable license
# agreement, including, without limitation, that your use is for
# the sole purpose of programming logic devices manufactured by
# Intel and sold by Intel or its authorized distributors.  Please
# refer to the applicable agreement for further details, at
# https://fpgasoftware.intel.com/eula.
#
# -------------------------------------------------------------------------- #
#
# Quartus Prime
# Version 20.1.1 Build 720 11/11/2020 SJ Lite Edition
# Date created = 01:38:50  January 03, 2021
#
# -------------------------------------------------------------------------- #
#
# Notes:
#
# 1) The default values for assignments are stored in the file:
#		interleaver_dut_fil_assignment_defaults.qdf
#    If this file doesn't exist, see file:
#		assignment_defaults.qdf
#
# 2) Altera recommends that you do not modify this file. This
#    file is updated automatically by the Quartus Prime software
#    and any changes you make may be lost or overwritten.
#
# -------------------------------------------------------------------------- #


set_global_assignment -name FAMILY "Cyclone V"
set_global_assignment -name DEVICE 5CSEMA4U23C6
set_global_assignment -name ORIGINAL_QUARTUS_VERSION 20.1.1
set_global_assignment -name PROJECT_CREATION_TIME_DATE "01:38:50  JANUARY 03, 2021"
set_global_assignment -name LAST_QUARTUS_VERSION "20.1.1 Lite Edition"
set_global_assignment -name CYCLONEII_OPTIMIZATION_TECHNIQUE SPEED
set_global_assignment -name VHDL_FILE "/home/wardo/Documents/DVBS2/DVBS2/src/transmitter/3-FEC/interleaver_hdl_prj/hdlsrc/interleaver_model/interleaver_dut_pac.vhd"
set_global_assignment -name VHDL_FILE "/home/wardo/Documents/DVBS2/DVBS2/src/transmitter/3-FEC/interleaver_hdl_prj/hdlsrc/interleaver_model/interleaver.vhd"
set_global_assignment -name VHDL_FILE "/home/wardo/Documents/DVBS2/DVBS2/src/transmitter/3-FEC/interleaver_hdl_prj/hdlsrc/interleaver_model/interleaver_dut.vhd"
set_global_assignment -name VHDL_FILE "/home/wardo/Documents/DVBS2/DVBS2/src/transmitter/3-FEC/interleaver_hdl_prj/fil_prj/filsrc/MWClkMgr.vhd"
set_global_assignment -name VHDL_FILE "/home/wardo/Documents/DVBS2/DVBS2/src/transmitter/3-FEC/interleaver_hdl_prj/fil_prj/filsrc/MWAJTAG.vhd"
set_global_assignment -name VHDL_FILE "/home/wardo/Documents/DVBS2/DVBS2/src/transmitter/3-FEC/interleaver_hdl_prj/fil_prj/filsrc/MWDPRAM.vhd"
set_global_assignment -name VHDL_FILE "/home/wardo/Documents/DVBS2/DVBS2/src/transmitter/3-FEC/interleaver_hdl_prj/fil_prj/filsrc/FILUDPCRC.vhd"
set_global_assignment -name VHDL_FILE "/home/wardo/Documents/DVBS2/DVBS2/src/transmitter/3-FEC/interleaver_hdl_prj/fil_prj/filsrc/FILPktMUX.vhd"
set_global_assignment -name VHDL_FILE "/home/wardo/Documents/DVBS2/DVBS2/src/transmitter/3-FEC/interleaver_hdl_prj/fil_prj/filsrc/FILCmdProc.vhd"
set_global_assignment -name VHDL_FILE "/home/wardo/Documents/DVBS2/DVBS2/src/transmitter/3-FEC/interleaver_hdl_prj/fil_prj/filsrc/MWAsyncFIFO.vhd"
set_global_assignment -name VHDL_FILE "/home/wardo/Documents/DVBS2/DVBS2/src/transmitter/3-FEC/interleaver_hdl_prj/fil_prj/filsrc/FILDataProc.vhd"
set_global_assignment -name VHDL_FILE "/home/wardo/Documents/DVBS2/DVBS2/src/transmitter/3-FEC/interleaver_hdl_prj/fil_prj/filsrc/MWPKTBuffer.vhd"
set_global_assignment -name VHDL_FILE "/home/wardo/Documents/DVBS2/DVBS2/src/transmitter/3-FEC/interleaver_hdl_prj/fil_prj/filsrc/MWUDPPKTBuilder.vhd"
set_global_assignment -name VHDL_FILE "/home/wardo/Documents/DVBS2/DVBS2/src/transmitter/3-FEC/interleaver_hdl_prj/fil_prj/filsrc/FILPktProc.vhd"
set_global_assignment -name VHDL_FILE "/home/wardo/Documents/DVBS2/DVBS2/src/transmitter/3-FEC/interleaver_hdl_prj/fil_prj/filsrc/FILCommLayer.vhd"
set_global_assignment -name VHDL_FILE "/home/wardo/Documents/DVBS2/DVBS2/src/transmitter/3-FEC/interleaver_hdl_prj/fil_prj/filsrc/mwfil_dpscram.vhd"
set_global_assignment -name VHDL_FILE "/home/wardo/Documents/DVBS2/DVBS2/src/transmitter/3-FEC/interleaver_hdl_prj/fil_prj/filsrc/mwfil_udfifo.vhd"
set_global_assignment -name VHDL_FILE "/home/wardo/Documents/DVBS2/DVBS2/src/transmitter/3-FEC/interleaver_hdl_prj/fil_prj/filsrc/mwfil_bus2dut.vhd"
set_global_assignment -name VHDL_FILE "/home/wardo/Documents/DVBS2/DVBS2/src/transmitter/3-FEC/interleaver_hdl_prj/fil_prj/filsrc/mwfil_chifcore.vhd"
set_global_assignment -name VHDL_FILE "/home/wardo/Documents/DVBS2/DVBS2/src/transmitter/3-FEC/interleaver_hdl_prj/fil_prj/filsrc/mwfil_controller.vhd"
set_global_assignment -name VHDL_FILE "/home/wardo/Documents/DVBS2/DVBS2/src/transmitter/3-FEC/interleaver_hdl_prj/fil_prj/filsrc/mwfil_dut2bus.vhd"
set_global_assignment -name VHDL_FILE "/home/wardo/Documents/DVBS2/DVBS2/src/transmitter/3-FEC/interleaver_hdl_prj/fil_prj/filsrc/interleaver_dut_wrapper.vhd"
set_global_assignment -name VHDL_FILE "/home/wardo/Documents/DVBS2/DVBS2/src/transmitter/3-FEC/interleaver_hdl_prj/fil_prj/filsrc/mwfil_chiftop.vhd"
set_global_assignment -name VHDL_FILE "/home/wardo/Documents/DVBS2/DVBS2/src/transmitter/3-FEC/interleaver_hdl_prj/fil_prj/filsrc/FILCore.vhd"
set_global_assignment -name VHDL_FILE "/home/wardo/Documents/DVBS2/DVBS2/src/transmitter/3-FEC/interleaver_hdl_prj/fil_prj/filsrc/interleaver_dut_fil.vhd"
set_location_assignment PIN_V11 -to sysclk
set_instance_assignment -name IO_STANDARD "3.3V LVCMOS" -to sysclk
set_global_assignment -name SDC_FILE "/home/wardo/Documents/DVBS2/DVBS2/src/transmitter/3-FEC/interleaver_hdl_prj/fil_prj/filsrc/interleaver_dut_fil.sdc"
set_global_assignment -name TOP_LEVEL_ENTITY interleaver_dut_fil